
Microsoft Visual Studio Solution File, Format Version 12.00
# Visual Studio Version 17
VisualStudioVersion = 17.8.34330.188
MinimumVisualStudioVersion = 10.0.40219.1
Project("{FAE04EC0-301F-11D3-BF4B-00C04F79EFBC}") = "Messanger", "Messanger\Messanger.csproj", "{8CCB0918-D439-492F-B91F-2F3E3FE534E7}"
EndProject
Global
	GlobalSection(SolutionConfigurationPlatforms) = preSolution
		Debug|Any CPU = Debug|Any CPU
		Release|Any CPU = Release|Any CPU
	EndGlobalSection
	GlobalSection(ProjectConfigurationPlatforms) = postSolution
		{8CCB0918-D439-492F-B91F-2F3E3FE534E7}.Debug|Any CPU.ActiveCfg = Debug|Any CPU
		{8CCB0918-D439-492F-B91F-2F3E3FE534E7}.Debug|Any CPU.Build.0 = Debug|Any CPU
		{8CCB0918-D439-492F-B91F-2F3E3FE534E7}.Release|Any CPU.ActiveCfg = Release|Any CPU
		{8CCB0918-D439-492F-B91F-2F3E3FE534E7}.Release|Any CPU.Build.0 = Release|Any CPU
	EndGlobalSection
	GlobalSection(SolutionProperties) = preSolution
		HideSolutionNode = FALSE
	EndGlobalSection
	GlobalSection(ExtensibilityGlobals) = postSolution
		SolutionGuid = {88F20B02-8248-4BFB-9E56-78647CBF3DCF}
	EndGlobalSection
EndGlobal
